
Microsoft Visual Studio Solution File, Format Version 12.00
# Visual Studio Version 16
VisualStudioVersion = 16.0.32002.261
MinimumVisualStudioVersion = 10.0.40219.1
Project("{FAE04EC0-301F-11D3-BF4B-00C04F79EFBC}") = "Challenge", "Challenge\Challenge.csproj", "{6C2167FB-8A5B-4390-B505-2C03DFBD9B1D}"
EndProject
Project("{FAE04EC0-301F-11D3-BF4B-00C04F79EFBC}") = "Challange.Test", "Challange.Test\Challange.Test.csproj", "{B0D9960D-A517-4D7B-A7FB-3C709E90F3B1}"
EndProject
Global
	GlobalSection(SolutionConfigurationPlatforms) = preSolution
		Debug|Any CPU = Debug|Any CPU
		Release|Any CPU = Release|Any CPU
	EndGlobalSection
	GlobalSection(ProjectConfigurationPlatforms) = postSolution
		{6C2167FB-8A5B-4390-B505-2C03DFBD9B1D}.Debug|Any CPU.ActiveCfg = Debug|Any CPU
		{6C2167FB-8A5B-4390-B505-2C03DFBD9B1D}.Debug|Any CPU.Build.0 = Debug|Any CPU
		{6C2167FB-8A5B-4390-B505-2C03DFBD9B1D}.Release|Any CPU.ActiveCfg = Release|Any CPU
		{6C2167FB-8A5B-4390-B505-2C03DFBD9B1D}.Release|Any CPU.Build.0 = Release|Any CPU
		{B0D9960D-A517-4D7B-A7FB-3C709E90F3B1}.Debug|Any CPU.ActiveCfg = Debug|Any CPU
		{B0D9960D-A517-4D7B-A7FB-3C709E90F3B1}.Debug|Any CPU.Build.0 = Debug|Any CPU
		{B0D9960D-A517-4D7B-A7FB-3C709E90F3B1}.Release|Any CPU.ActiveCfg = Release|Any CPU
		{B0D9960D-A517-4D7B-A7FB-3C709E90F3B1}.Release|Any CPU.Build.0 = Release|Any CPU
	EndGlobalSection
	GlobalSection(SolutionProperties) = preSolution
		HideSolutionNode = FALSE
	EndGlobalSection
	GlobalSection(ExtensibilityGlobals) = postSolution
		SolutionGuid = {24CA691B-9D5D-42A0-9546-113BBAA3F663}
	EndGlobalSection
EndGlobal
